
Microsoft Visual Studio Solution File, Format Version 12.00
# Visual Studio 2012
Project("{FAE04EC0-301F-11D3-BF4B-00C04F79EFBC}") = "BabyBook", "BabyBook\BabyBook.csproj", "{3AECE738-1576-4266-A3C3-7F8D0730306C}"
EndProject
Project("{FAE04EC0-301F-11D3-BF4B-00C04F79EFBC}") = "BabyBook.Tests", "BabyBook.Tests\BabyBook.Tests.csproj", "{5830D03F-C623-48DA-A67E-CB364B312FDB}"
EndProject
Global
	GlobalSection(SolutionConfigurationPlatforms) = preSolution
		Debug|Any CPU = Debug|Any CPU
		Release|Any CPU = Release|Any CPU
	EndGlobalSection
	GlobalSection(ProjectConfigurationPlatforms) = postSolution
		{3AECE738-1576-4266-A3C3-7F8D0730306C}.Debug|Any CPU.ActiveCfg = Debug|Any CPU
		{3AECE738-1576-4266-A3C3-7F8D0730306C}.Debug|Any CPU.Build.0 = Debug|Any CPU
		{3AECE738-1576-4266-A3C3-7F8D0730306C}.Release|Any CPU.ActiveCfg = Release|Any CPU
		{3AECE738-1576-4266-A3C3-7F8D0730306C}.Release|Any CPU.Build.0 = Release|Any CPU
		{5830D03F-C623-48DA-A67E-CB364B312FDB}.Debug|Any CPU.ActiveCfg = Debug|Any CPU
		{5830D03F-C623-48DA-A67E-CB364B312FDB}.Debug|Any CPU.Build.0 = Debug|Any CPU
		{5830D03F-C623-48DA-A67E-CB364B312FDB}.Release|Any CPU.ActiveCfg = Release|Any CPU
		{5830D03F-C623-48DA-A67E-CB364B312FDB}.Release|Any CPU.Build.0 = Release|Any CPU
	EndGlobalSection
	GlobalSection(SolutionProperties) = preSolution
		HideSolutionNode = FALSE
	EndGlobalSection
EndGlobal
